
Microsoft Visual Studio Solution File, Format Version 12.00
# Visual Studio 15
VisualStudioVersion = 15.0.28010.2036
MinimumVisualStudioVersion = 10.0.40219.1
Project("{FAE04EC0-301F-11D3-BF4B-00C04F79EFBC}") = "IsometricCommunity", "IsometricCommunity\IsometricCommunity.csproj", "{FF6E32C2-C5D6-4D92-BF9B-810C73A4BDFE}"
EndProject
Global
	GlobalSection(SolutionConfigurationPlatforms) = preSolution
		Debug|x86 = Debug|x86
		Release|x86 = Release|x86
	EndGlobalSection
	GlobalSection(ProjectConfigurationPlatforms) = postSolution
		{FF6E32C2-C5D6-4D92-BF9B-810C73A4BDFE}.Debug|x86.ActiveCfg = Debug|x86
		{FF6E32C2-C5D6-4D92-BF9B-810C73A4BDFE}.Debug|x86.Build.0 = Debug|x86
		{FF6E32C2-C5D6-4D92-BF9B-810C73A4BDFE}.Release|x86.ActiveCfg = Release|x86
		{FF6E32C2-C5D6-4D92-BF9B-810C73A4BDFE}.Release|x86.Build.0 = Release|x86
	EndGlobalSection
	GlobalSection(SolutionProperties) = preSolution
		HideSolutionNode = FALSE
	EndGlobalSection
	GlobalSection(ExtensibilityGlobals) = postSolution
		SolutionGuid = {263CFAD7-2086-4BF2-A766-44F10B3610FD}
	EndGlobalSection
EndGlobal
